version = 1
revision = 3
requires-python = ">=3.12"

[[package]]
name = "asgiref"
version = "3.7.2"
source = { registry = "https://pypi.org/simple" }
sdist = { url = "https://files.pythonhosted.org/packages/12/19/64e38c1c2cbf0da9635b7082bbdf0e89052e93329279f59759c24a10cc96/asgiref-3.7.2.tar.gz", hash = "sha256:9e0ce3aa93a819ba5b45120216b23878cf6e8525eb3848653452b4192b92afed", size = 33393, upload-time = "2023-05-27T17:21:42.12Z" }
wheels = [
    { url = "https://files.pythonhosted.org/packages/9b/80/b9051a4a07ad231558fcd8ffc89232711b4e618c15cb7a392a17384bbeef/asgiref-3.7.2-py3-none-any.whl", hash = "sha256:89b2ef2247e3b562a16eef663bc0e2e703ec6468e2fa8a5cd61cd449786d4f6e", size = 24140, upload-time = "2023-05-27T17:21:40.454Z" },
]

[[package]]
name = "demoday"
version = "0.1.0"
source = { virtual = "." }
dependencies = [
    { name = "asgiref" },
    { name = "django" },
    { name = "django-cors-headers" },
    { name = "djangorestframework" },
    { name = "future" },
    { name = "gunicorn" },
    { name = "pytz" },
    { name = "serializers" },
    { name = "sqlparse" },
    { name = "typing-extensions" },
]

[package.metadata]
requires-dist = [
    { name = "asgiref", specifier = "==3.7.2" },
    { name = "django", specifier = "==4.2.2" },
    { name = "django-cors-headers", specifier = "==4.0.0" },
    { name = "djangorestframework", specifier = "==3.14.0" },
    { name = "future", specifier = "==0.18.3" },
    { name = "gunicorn", specifier = "==20.1.0" },
    { name = "pytz", specifier = "==2023.3" },
    { name = "serializers", specifier = "==0.2.4" },
    { name = "sqlparse", specifier = "==0.4.4" },
    { name = "typing-extensions", specifier = "==4.6.3" },
]

[[package]]
name = "django"
version = "4.2.2"
source = { registry = "https://pypi.org/simple" }
dependencies = [
    { name = "asgiref" },
    { name = "sqlparse" },
    { name = "tzdata", marker = "sys_platform == 'win32'" },
]
sdist = { url = "https://files.pythonhosted.org/packages/5c/fa/427fbcac5633f4b88fda7953efb04db903ca7e6d9486afdbda525c4006cc/Django-4.2.2.tar.gz", hash = "sha256:2a6b6fbff5b59dd07bef10bcb019bee2ea97a30b2a656d51346596724324badf", size = 10390518, upload-time = "2023-06-05T14:09:38.47Z" }
wheels = [
    { url = "https://files.pythonhosted.org/packages/ba/f3/7a66888bda4017198a692887bd566123732783073c1fd424db15358525fd/Django-4.2.2-py3-none-any.whl", hash = "sha256:672b3fa81e1f853bb58be1b51754108ab4ffa12a77c06db86aa8df9ed0c46fe5", size = 7989179, upload-time = "2023-06-05T14:09:31.615Z" },
]

[[package]]
name = "django-cors-headers"
version = "4.0.0"
source = { registry = "https://pypi.org/simple" }
dependencies = [
    { name = "django" },
]
sdist = { url = "https://files.pythonhosted.org/packages/83/d5/4f98ffda4b32f8da5ceb27908f45bd479ae03842db1083a2139034d3c62f/django_cors_headers-4.0.0.tar.gz", hash = "sha256:a971cd4c75b29974068cc36b5c595698822f1e0edd5f1b32ea42ea37326ad4aa", size = 24724, upload-time = "2023-05-12T09:22:01.778Z" }
wheels = [
    { url = "https://files.pythonhosted.org/packages/3e/a8/96d90604e76a0fbe449cb104029f2a003916b68ddf12af3ea390654e5a01/django_cors_headers-4.0.0-py3-none-any.whl", hash = "sha256:e3cbd247a1a835da4cf71a70d4214378813ea7e08337778b82cb2c1bc19d28d6", size = 12850, upload-time = "2023-05-12T09:21:52.517Z" },
]

[[package]]
name = "djangorestframework"
version = "3.14.0"
source = { registry = "https://pypi.org/simple" }
dependencies = [
    { name = "django" },
    { name = "pytz" },
]
sdist = { url = "https://files.pythonhosted.org/packages/8e/53/5b2a002c5ebafd60dff1e1945a7d63dee40155830997439a9ba324f0fd50/djangorestframework-3.14.0.tar.gz", hash = "sha256:579a333e6256b09489cbe0a067e66abe55c6595d8926be6b99423786334350c8", size = 1055343, upload-time = "2022-09-22T11:38:44.245Z" }
wheels = [
    { url = "https://files.pythonhosted.org/packages/ff/4b/3b46c0914ba4b7546a758c35fdfa8e7f017fcbe7f23c878239e93623337a/djangorestframework-3.14.0-py3-none-any.whl", hash = "sha256:eb63f58c9f218e1a7d064d17a70751f528ed4e1d35547fdade9aaf4cd103fd08", size = 1062761, upload-time = "2022-09-22T11:38:41.825Z" },
]

[[package]]
name = "future"
version = "0.18.3"
source = { registry = "https://pypi.org/simple" }
sdist = { url = "https://files.pythonhosted.org/packages/8f/2e/cf6accf7415237d6faeeebdc7832023c90e0282aa16fd3263db0eb4715ec/future-0.18.3.tar.gz", hash = "sha256:34a17436ed1e96697a86f9de3d15a3b0be01d8bc8de9c1dffd59fb8234ed5307", size = 840896, upload-time = "2023-01-13T03:15:17.607Z" }

[[package]]
name = "gunicorn"
version = "20.1.0"
source = { registry = "https://pypi.org/simple" }
dependencies = [
    { name = "setuptools" },
]
sdist = { url = "https://files.pythonhosted.org/packages/28/5b/0d1f0296485a6af03366604142ea8f19f0833894db3512a40ed07b2a56dd/gunicorn-20.1.0.tar.gz", hash = "sha256:e0a968b5ba15f8a328fdfd7ab1fcb5af4470c28aaf7e55df02a99bc13138e6e8", size = 370601, upload-time = "2021-03-27T01:54:37.202Z" }
wheels = [
    { url = "https://files.pythonhosted.org/packages/e4/dd/5b190393e6066286773a67dfcc2f9492058e9b57c4867a95f1ba5caf0a83/gunicorn-20.1.0-py3-none-any.whl", hash = "sha256:9dcc4547dbb1cb284accfb15ab5667a0e5d1881cc443e0677b4882a4067a807e", size = 79531, upload-time = "2021-04-27T12:16:23.375Z" },
]

[[package]]
name = "pytz"
version = "2023.3"
source = { registry = "https://pypi.org/simple" }
sdist = { url = "https://files.pythonhosted.org/packages/5e/32/12032aa8c673ee16707a9b6cdda2b09c0089131f35af55d443b6a9c69c1d/pytz-2023.3.tar.gz", hash = "sha256:1d8ce29db189191fb55338ee6d0387d82ab59f3d00eac103412d64e0ebd0c588", size = 317095, upload-time = "2023-03-29T04:23:28.655Z" }
wheels = [
    { url = "https://files.pythonhosted.org/packages/7f/99/ad6bd37e748257dd70d6f85d916cafe79c0b0f5e2e95b11f7fbc82bf3110/pytz-2023.3-py2.py3-none-any.whl", hash = "sha256:a151b3abb88eda1d4e34a9814df37de2a80e301e68ba0fd856fb9b46bfbbbffb", size = 502345, upload-time = "2023-03-29T04:23:25.307Z" },
]

[[package]]
name = "serializers"
version = "0.2.4"
source = { registry = "https://pypi.org/simple" }
dependencies = [
    { name = "future" },
]
wheels = [
    { url = "https://files.pythonhosted.org/packages/0b/49/978a24a6f71cf72c5c39b3376c091b00864ee87014ae2dd76a3816d68d01/serializers-0.2.4-py2.py3-none-any.whl", hash = "sha256:fe58212826290e6c1a52c289bcc431f74a196e1fb8a797ce43034c7d0aa0287f", size = 6887, upload-time = "2017-09-08T17:57:11.829Z" },
]

[[package]]
name = "setuptools"
version = "80.9.0"
source = { registry = "https://pypi.org/simple" }
sdist = { url = "https://files.pythonhosted.org/packages/18/5d/3bf57dcd21979b887f014ea83c24ae194cfcd12b9e0fda66b957c69d1fca/setuptools-80.9.0.tar.gz", hash = "sha256:f36b47402ecde768dbfafc46e8e4207b4360c654f1f3bb84475f0a28628fb19c", size = 1319958, upload-time = "2025-05-27T00:56:51.443Z" }
wheels = [
    { url = "https://files.pythonhosted.org/packages/a3/dc/17031897dae0efacfea57dfd3a82fdd2a2aeb58e0ff71b77b87e44edc772/setuptools-80.9.0-py3-none-any.whl", hash = "sha256:062d34222ad13e0cc312a4c02d73f059e86a4acbfbdea8f8f76b28c99f306922", size = 1201486, upload-time = "2025-05-27T00:56:49.664Z" },
]

[[package]]
name = "sqlparse"
version = "0.4.4"
source = { registry = "https://pypi.org/simple" }
sdist = { url = "https://files.pythonhosted.org/packages/65/16/10f170ec641ed852611b6c9441b23d10b5702ab5288371feab3d36de2574/sqlparse-0.4.4.tar.gz", hash = "sha256:d446183e84b8349fa3061f0fe7f06ca94ba65b426946ffebe6e3e8295332420c", size = 72383, upload-time = "2023-04-18T08:30:41.994Z" }
wheels = [
    { url = "https://files.pythonhosted.org/packages/98/5a/66d7c9305baa9f11857f247d4ba761402cea75db6058ff850ed7128957b7/sqlparse-0.4.4-py3-none-any.whl", hash = "sha256:5430a4fe2ac7d0f93e66f1efc6e1338a41884b7ddf2a350cedd20ccc4d9d28f3", size = 41183, upload-time = "2023-04-18T08:30:36.96Z" },
]

[[package]]
name = "typing-extensions"
version = "4.6.3"
source = { registry = "https://pypi.org/simple" }
sdist = { url = "https://files.pythonhosted.org/packages/42/56/cfaa7a5281734dadc842f3a22e50447c675a1c5a5b9f6ad8a07b467bffe7/typing_extensions-4.6.3.tar.gz", hash = "sha256:d91d5919357fe7f681a9f2b5b4cb2a5f1ef0a1e9f59c4d8ff0d3491e05c0ffd5", size = 65757, upload-time = "2023-06-01T23:55:36.332Z" }
wheels = [
    { url = "https://files.pythonhosted.org/packages/5f/86/d9b1518d8e75b346a33eb59fa31bdbbee11459a7e2cc5be502fa779e96c5/typing_extensions-4.6.3-py3-none-any.whl", hash = "sha256:88a4153d8505aabbb4e13aacb7c486c2b4a33ca3b3f807914a9b4c844c471c26", size = 31329, upload-time = "2023-06-01T23:55:34.451Z" },
]

[[package]]
name = "tzdata"
version = "2025.2"
source = { registry = "https://pypi.org/simple" }
sdist = { url = "https://files.pythonhosted.org/packages/95/32/1a225d6164441be760d75c2c42e2780dc0873fe382da3e98a2e1e48361e5/tzdata-2025.2.tar.gz", hash = "sha256:b60a638fcc0daffadf82fe0f57e53d06bdec2f36c4df66280ae79bce6bd6f2b9", size = 196380, upload-time = "2025-03-23T13:54:43.652Z" }
wheels = [
    { url = "https://files.pythonhosted.org/packages/5c/23/c7abc0ca0a1526a0774eca151daeb8de62ec457e77262b66b359c3c7679e/tzdata-2025.2-py2.py3-none-any.whl", hash = "sha256:1a403fada01ff9221ca8044d701868fa132215d84beb92242d9acd2147f667a8", size = 347839, upload-time = "2025-03-23T13:54:41.845Z" },
]
